
Microsoft Visual Studio Solution File, Format Version 12.00
# Visual Studio Version 17
VisualStudioVersion = 17.8.34511.84
MinimumVisualStudioVersion = 10.0.40219.1
Project("{FAE04EC0-301F-11D3-BF4B-00C04F79EFBC}") = "LearnApp", "LearnApp\LearnApp.csproj", "{F956B12A-5F52-4CEA-B2C5-4C89F6DE472A}"
EndProject
Project("{FAE04EC0-301F-11D3-BF4B-00C04F79EFBC}") = "TestApp", "TestApp\TestApp.csproj", "{4472A199-AE76-436E-A826-CD0C9EEB6498}"
EndProject
Global
	GlobalSection(SolutionConfigurationPlatforms) = preSolution
		Debug|Any CPU = Debug|Any CPU
		Release|Any CPU = Release|Any CPU
	EndGlobalSection
	GlobalSection(ProjectConfigurationPlatforms) = postSolution
		{F956B12A-5F52-4CEA-B2C5-4C89F6DE472A}.Debug|Any CPU.ActiveCfg = Debug|Any CPU
		{F956B12A-5F52-4CEA-B2C5-4C89F6DE472A}.Debug|Any CPU.Build.0 = Debug|Any CPU
		{F956B12A-5F52-4CEA-B2C5-4C89F6DE472A}.Release|Any CPU.ActiveCfg = Release|Any CPU
		{F956B12A-5F52-4CEA-B2C5-4C89F6DE472A}.Release|Any CPU.Build.0 = Release|Any CPU
		{4472A199-AE76-436E-A826-CD0C9EEB6498}.Debug|Any CPU.ActiveCfg = Debug|Any CPU
		{4472A199-AE76-436E-A826-CD0C9EEB6498}.Debug|Any CPU.Build.0 = Debug|Any CPU
		{4472A199-AE76-436E-A826-CD0C9EEB6498}.Release|Any CPU.ActiveCfg = Release|Any CPU
		{4472A199-AE76-436E-A826-CD0C9EEB6498}.Release|Any CPU.Build.0 = Release|Any CPU
	EndGlobalSection
	GlobalSection(SolutionProperties) = preSolution
		HideSolutionNode = FALSE
	EndGlobalSection
	GlobalSection(ExtensibilityGlobals) = postSolution
		SolutionGuid = {8E9F92D9-F2B2-490E-B03F-1AD5E5127F12}
	EndGlobalSection
EndGlobal
